
Microsoft Visual Studio Solution File, Format Version 12.00
# Visual Studio Version 17
VisualStudioVersion = 17.10.35027.167
MinimumVisualStudioVersion = 10.0.40219.1
Project("{FAE04EC0-301F-11D3-BF4B-00C04F79EFBC}") = "Curd_with_import_export_excel", "Curd_with_import_export_excel\Curd_with_import_export_excel.csproj", "{8FFDE76B-B4AA-49F5-A415-C748F5D60AB7}"
EndProject
Global
	GlobalSection(SolutionConfigurationPlatforms) = preSolution
		Debug|Any CPU = Debug|Any CPU
		Release|Any CPU = Release|Any CPU
	EndGlobalSection
	GlobalSection(ProjectConfigurationPlatforms) = postSolution
		{8FFDE76B-B4AA-49F5-A415-C748F5D60AB7}.Debug|Any CPU.ActiveCfg = Debug|Any CPU
		{8FFDE76B-B4AA-49F5-A415-C748F5D60AB7}.Debug|Any CPU.Build.0 = Debug|Any CPU
		{8FFDE76B-B4AA-49F5-A415-C748F5D60AB7}.Release|Any CPU.ActiveCfg = Release|Any CPU
		{8FFDE76B-B4AA-49F5-A415-C748F5D60AB7}.Release|Any CPU.Build.0 = Release|Any CPU
	EndGlobalSection
	GlobalSection(SolutionProperties) = preSolution
		HideSolutionNode = FALSE
	EndGlobalSection
	GlobalSection(ExtensibilityGlobals) = postSolution
		SolutionGuid = {58996C44-18DE-4A2B-81DD-1D4D1087D60E}
	EndGlobalSection
EndGlobal
